
Microsoft Visual Studio Solution File, Format Version 12.00
# Visual Studio 2012
Project("{FAE04EC0-301F-11D3-BF4B-00C04F79EFBC}") = "Recursividad3", "Recursividad3\Recursividad3.csproj", "{F21DBD39-E8DB-4330-9B30-A857F02D2406}"
EndProject
Global
	GlobalSection(SolutionConfigurationPlatforms) = preSolution
		Debug|Any CPU = Debug|Any CPU
		Release|Any CPU = Release|Any CPU
	EndGlobalSection
	GlobalSection(ProjectConfigurationPlatforms) = postSolution
		{F21DBD39-E8DB-4330-9B30-A857F02D2406}.Debug|Any CPU.ActiveCfg = Debug|Any CPU
		{F21DBD39-E8DB-4330-9B30-A857F02D2406}.Debug|Any CPU.Build.0 = Debug|Any CPU
		{F21DBD39-E8DB-4330-9B30-A857F02D2406}.Release|Any CPU.ActiveCfg = Release|Any CPU
		{F21DBD39-E8DB-4330-9B30-A857F02D2406}.Release|Any CPU.Build.0 = Release|Any CPU
	EndGlobalSection
	GlobalSection(SolutionProperties) = preSolution
		HideSolutionNode = FALSE
	EndGlobalSection
EndGlobal
